
Microsoft Visual Studio Solution File, Format Version 12.00
# Visual Studio Version 17
VisualStudioVersion = 17.2.32630.192
MinimumVisualStudioVersion = 10.0.40219.1
Project("{9A19103F-16F7-4668-BE54-9A1E7A4F7556}") = "Homework1", "Homework1.1\Homework1.csproj", "{553B0AEC-A00E-40C4-A2B4-CCB249ED0221}"
EndProject
Global
	GlobalSection(SolutionConfigurationPlatforms) = preSolution
		Debug|Any CPU = Debug|Any CPU
		Release|Any CPU = Release|Any CPU
	EndGlobalSection
	GlobalSection(ProjectConfigurationPlatforms) = postSolution
		{553B0AEC-A00E-40C4-A2B4-CCB249ED0221}.Debug|Any CPU.ActiveCfg = Debug|Any CPU
		{553B0AEC-A00E-40C4-A2B4-CCB249ED0221}.Debug|Any CPU.Build.0 = Debug|Any CPU
		{553B0AEC-A00E-40C4-A2B4-CCB249ED0221}.Release|Any CPU.ActiveCfg = Release|Any CPU
		{553B0AEC-A00E-40C4-A2B4-CCB249ED0221}.Release|Any CPU.Build.0 = Release|Any CPU
	EndGlobalSection
	GlobalSection(SolutionProperties) = preSolution
		HideSolutionNode = FALSE
	EndGlobalSection
	GlobalSection(ExtensibilityGlobals) = postSolution
		SolutionGuid = {6FFD4949-8AC7-48E6-99D8-878F902BB5D5}
	EndGlobalSection
EndGlobal
